
Microsoft Visual Studio Solution File, Format Version 12.00
# Visual Studio 15
VisualStudioVersion = 15.0.27703.2000
MinimumVisualStudioVersion = 10.0.40219.1
Project("{FAE04EC0-301F-11D3-BF4B-00C04F79EFBC}") = "Pembelanjaan", "Pembelanjaan\Pembelanjaan.csproj", "{3A3C1D35-543F-4CE6-A9F9-1EA7005A949F}"
EndProject
Global
	GlobalSection(SolutionConfigurationPlatforms) = preSolution
		Debug|Any CPU = Debug|Any CPU
		Release|Any CPU = Release|Any CPU
	EndGlobalSection
	GlobalSection(ProjectConfigurationPlatforms) = postSolution
		{3A3C1D35-543F-4CE6-A9F9-1EA7005A949F}.Debug|Any CPU.ActiveCfg = Debug|Any CPU
		{3A3C1D35-543F-4CE6-A9F9-1EA7005A949F}.Debug|Any CPU.Build.0 = Debug|Any CPU
		{3A3C1D35-543F-4CE6-A9F9-1EA7005A949F}.Release|Any CPU.ActiveCfg = Release|Any CPU
		{3A3C1D35-543F-4CE6-A9F9-1EA7005A949F}.Release|Any CPU.Build.0 = Release|Any CPU
	EndGlobalSection
	GlobalSection(SolutionProperties) = preSolution
		HideSolutionNode = FALSE
	EndGlobalSection
	GlobalSection(ExtensibilityGlobals) = postSolution
		SolutionGuid = {4CA5739B-18DD-45F8-B8FA-D77D298B2311}
	EndGlobalSection
EndGlobal
